// !$*UTF8*$!
{
	archiveVersion = 1;
	classes = {
	};
	objectVersion = 46;
	objects = {

/* Begin PBXBuildFile section */
		19155F491C6AB48B00644FDF /* ContactViewController.swift in Sources */ = {isa = PBXBuildFile; fileRef = 19155F481C6AB48B00644FDF /* ContactViewController.swift */; };
		19155F4B1C6C58FA00644FDF /* ProductsTableViewController.swift in Sources */ = {isa = PBXBuildFile; fileRef = 19155F4A1C6C58FA00644FDF /* ProductsTableViewController.swift */; };
		19155F4D1C6DA38100644FDF /* Product.swift in Sources */ = {isa = PBXBuildFile; fileRef = 19155F4C1C6DA38100644FDF /* Product.swift */; };
		197C210E1C6686EE00BCCAE8 /* AppDelegate.swift in Sources */ = {isa = PBXBuildFile; fileRef = 197C210D1C6686EE00BCCAE8 /* AppDelegate.swift */; };
		197C21101C6686EE00BCCAE8 /* ProductViewController.swift in Sources */ = {isa = PBXBuildFile; fileRef = 197C210F1C6686EE00BCCAE8 /* ProductViewController.swift */; };
		197C21131C6686EF00BCCAE8 /* Main.storyboard in Resources */ = {isa = PBXBuildFile; fileRef = 197C21111C6686EF00BCCAE8 /* Main.storyboard */; };
		197C21151C6686EF00BCCAE8 /* Assets.xcassets in Resources */ = {isa = PBXBuildFile; fileRef = 197C21141C6686EF00BCCAE8 /* Assets.xcassets */; };
		197C21181C6686EF00BCCAE8 /* LaunchScreen.storyboard in Resources */ = {isa = PBXBuildFile; fileRef = 197C21161C6686EF00BCCAE8 /* LaunchScreen.storyboard */; };
		E442AD39210F87AB00D396D5 /* Product.swift in Sources */ = {isa = PBXBuildFile; fileRef = E442AD38210F87AB00D396D5 /* Product.swift */; };
		E442AD3B210FA46300D396D5 /* ProductView.swift in Sources */ = {isa = PBXBuildFile; fileRef = E442AD3A210FA46300D396D5 /* ProductView.swift */; };
		E46CB2102110C8EF000AB5F0 /* Us.swift in Sources */ = {isa = PBXBuildFile; fileRef = E46CB20F2110C8EF000AB5F0 /* Us.swift */; };
		E49BB59B210F6DCE00EB23CD /* GAOPUITestsBase.swift in Sources */ = {isa = PBXBuildFile; fileRef = E49BB59A210F6DCE00EB23CD /* GAOPUITestsBase.swift */; };
		E49BB5A3210F6EA200EB23CD /* GAOPUITestCases.swift in Sources */ = {isa = PBXBuildFile; fileRef = E49BB5A2210F6EA200EB23CD /* GAOPUITestCases.swift */; };
		E49BB5A5210F6ECB00EB23CD /* GAOPGlobal.swift in Sources */ = {isa = PBXBuildFile; fileRef = E49BB5A4210F6ECB00EB23CD /* GAOPGlobal.swift */; };
/* End PBXBuildFile section */

/* Begin PBXContainerItemProxy section */
		E49BB59D210F6DCE00EB23CD /* PBXContainerItemProxy */ = {
			isa = PBXContainerItemProxy;
			containerPortal = 197C21021C6686EE00BCCAE8 /* Project object */;
			proxyType = 1;
			remoteGlobalIDString = 197C21091C6686EE00BCCAE8;
			remoteInfo = GoodAsOldPhones;
		};
/* End PBXContainerItemProxy section */

/* Begin PBXFileReference section */
		19155F481C6AB48B00644FDF /* ContactViewController.swift */ = {isa = PBXFileReference; fileEncoding = 4; lastKnownFileType = sourcecode.swift; path = ContactViewController.swift; sourceTree = "<group>"; };
		19155F4A1C6C58FA00644FDF /* ProductsTableViewController.swift */ = {isa = PBXFileReference; fileEncoding = 4; lastKnownFileType = sourcecode.swift; path = ProductsTableViewController.swift; sourceTree = "<group>"; };
		19155F4C1C6DA38100644FDF /* Product.swift */ = {isa = PBXFileReference; fileEncoding = 4; lastKnownFileType = sourcecode.swift; path = Product.swift; sourceTree = "<group>"; };
		197C210A1C6686EE00BCCAE8 /* GoodAsOldPhones.app */ = {isa = PBXFileReference; explicitFileType = wrapper.application; includeInIndex = 0; path = GoodAsOldPhones.app; sourceTree = BUILT_PRODUCTS_DIR; };
		197C210D1C6686EE00BCCAE8 /* AppDelegate.swift */ = {isa = PBXFileReference; lastKnownFileType = sourcecode.swift; path = AppDelegate.swift; sourceTree = "<group>"; };
		197C210F1C6686EE00BCCAE8 /* ProductViewController.swift */ = {isa = PBXFileReference; lastKnownFileType = sourcecode.swift; path = ProductViewController.swift; sourceTree = "<group>"; };
		197C21121C6686EF00BCCAE8 /* Base */ = {isa = PBXFileReference; lastKnownFileType = file.storyboard; name = Base; path = Base.lproj/Main.storyboard; sourceTree = "<group>"; };
		197C21141C6686EF00BCCAE8 /* Assets.xcassets */ = {isa = PBXFileReference; lastKnownFileType = folder.assetcatalog; path = Assets.xcassets; sourceTree = "<group>"; };
		197C21171C6686EF00BCCAE8 /* Base */ = {isa = PBXFileReference; lastKnownFileType = file.storyboard; name = Base; path = Base.lproj/LaunchScreen.storyboard; sourceTree = "<group>"; };
		197C21191C6686EF00BCCAE8 /* Info.plist */ = {isa = PBXFileReference; lastKnownFileType = text.plist.xml; path = Info.plist; sourceTree = "<group>"; };
		E442AD38210F87AB00D396D5 /* Product.swift */ = {isa = PBXFileReference; lastKnownFileType = sourcecode.swift; path = Product.swift; sourceTree = "<group>"; };
		E442AD3A210FA46300D396D5 /* ProductView.swift */ = {isa = PBXFileReference; lastKnownFileType = sourcecode.swift; path = ProductView.swift; sourceTree = "<group>"; };
		E46CB20F2110C8EF000AB5F0 /* Us.swift */ = {isa = PBXFileReference; lastKnownFileType = sourcecode.swift; path = Us.swift; sourceTree = "<group>"; };
		E49BB598210F6DCE00EB23CD /* GoodAsOldPhonesUITests.xctest */ = {isa = PBXFileReference; explicitFileType = wrapper.cfbundle; includeInIndex = 0; path = GoodAsOldPhonesUITests.xctest; sourceTree = BUILT_PRODUCTS_DIR; };
		E49BB59A210F6DCE00EB23CD /* GAOPUITestsBase.swift */ = {isa = PBXFileReference; lastKnownFileType = sourcecode.swift; path = GAOPUITestsBase.swift; sourceTree = "<group>"; };
		E49BB59C210F6DCE00EB23CD /* Info.plist */ = {isa = PBXFileReference; lastKnownFileType = text.plist.xml; path = Info.plist; sourceTree = "<group>"; };
		E49BB5A2210F6EA200EB23CD /* GAOPUITestCases.swift */ = {isa = PBXFileReference; lastKnownFileType = sourcecode.swift; path = GAOPUITestCases.swift; sourceTree = "<group>"; };
		E49BB5A4210F6ECB00EB23CD /* GAOPGlobal.swift */ = {isa = PBXFileReference; lastKnownFileType = sourcecode.swift; path = GAOPGlobal.swift; sourceTree = "<group>"; };
/* End PBXFileReference section */

/* Begin PBXFrameworksBuildPhase section */
		197C21071C6686EE00BCCAE8 /* Frameworks */ = {
			isa = PBXFrameworksBuildPhase;
			buildActionMask = 2147483647;
			files = (
			);
			runOnlyForDeploymentPostprocessing = 0;
		};
		E49BB595210F6DCE00EB23CD /* Frameworks */ = {
			isa = PBXFrameworksBuildPhase;
			buildActionMask = 2147483647;
			files = (
			);
			runOnlyForDeploymentPostprocessing = 0;
		};
/* End PBXFrameworksBuildPhase section */

/* Begin PBXGroup section */
		197C21011C6686EE00BCCAE8 = {
			isa = PBXGroup;
			children = (
				197C210C1C6686EE00BCCAE8 /* GoodAsOldPhones */,
				E49BB599210F6DCE00EB23CD /* GoodAsOldPhonesUITests */,
				197C210B1C6686EE00BCCAE8 /* Products */,
			);
			sourceTree = "<group>";
		};
		197C210B1C6686EE00BCCAE8 /* Products */ = {
			isa = PBXGroup;
			children = (
				197C210A1C6686EE00BCCAE8 /* GoodAsOldPhones.app */,
				E49BB598210F6DCE00EB23CD /* GoodAsOldPhonesUITests.xctest */,
			);
			name = Products;
			sourceTree = "<group>";
		};
		197C210C1C6686EE00BCCAE8 /* GoodAsOldPhones */ = {
			isa = PBXGroup;
			children = (
				197C210D1C6686EE00BCCAE8 /* AppDelegate.swift */,
				197C210F1C6686EE00BCCAE8 /* ProductViewController.swift */,
				19155F481C6AB48B00644FDF /* ContactViewController.swift */,
				19155F4A1C6C58FA00644FDF /* ProductsTableViewController.swift */,
				19155F4C1C6DA38100644FDF /* Product.swift */,
				197C21111C6686EF00BCCAE8 /* Main.storyboard */,
				197C21141C6686EF00BCCAE8 /* Assets.xcassets */,
				197C21161C6686EF00BCCAE8 /* LaunchScreen.storyboard */,
				197C21191C6686EF00BCCAE8 /* Info.plist */,
			);
			path = GoodAsOldPhones;
			sourceTree = "<group>";
		};
		E49BB599210F6DCE00EB23CD /* GoodAsOldPhonesUITests */ = {
			isa = PBXGroup;
			children = (
				E49BB5A4210F6ECB00EB23CD /* GAOPGlobal.swift */,
				E49BB59A210F6DCE00EB23CD /* GAOPUITestsBase.swift */,
				E49BB5A2210F6EA200EB23CD /* GAOPUITestCases.swift */,
				E442AD38210F87AB00D396D5 /* Product.swift */,
				E442AD3A210FA46300D396D5 /* ProductView.swift */,
				E46CB20F2110C8EF000AB5F0 /* Us.swift */,
				E49BB59C210F6DCE00EB23CD /* Info.plist */,
			);
			path = GoodAsOldPhonesUITests;
			sourceTree = "<group>";
		};
/* End PBXGroup section */

/* Begin PBXNativeTarget section */
		197C21091C6686EE00BCCAE8 /* GoodAsOldPhones */ = {
			isa = PBXNativeTarget;
			buildConfigurationList = 197C211C1C6686EF00BCCAE8 /* Build configuration list for PBXNativeTarget "GoodAsOldPhones" */;
			buildPhases = (
				197C21061C6686EE00BCCAE8 /* Sources */,
				197C21071C6686EE00BCCAE8 /* Frameworks */,
				197C21081C6686EE00BCCAE8 /* Resources */,
			);
			buildRules = (
			);
			dependencies = (
			);
			name = GoodAsOldPhones;
			productName = GoodAsOldPhones;
			productReference = 197C210A1C6686EE00BCCAE8 /* GoodAsOldPhones.app */;
			productType = "com.apple.product-type.application";
		};
		E49BB597210F6DCE00EB23CD /* GoodAsOldPhonesUITests */ = {
			isa = PBXNativeTarget;
			buildConfigurationList = E49BB5A1210F6DCE00EB23CD /* Build configuration list for PBXNativeTarget "GoodAsOldPhonesUITests" */;
			buildPhases = (
				E49BB594210F6DCE00EB23CD /* Sources */,
				E49BB595210F6DCE00EB23CD /* Frameworks */,
				E49BB596210F6DCE00EB23CD /* Resources */,
			);
			buildRules = (
			);
			dependencies = (
				E49BB59E210F6DCE00EB23CD /* PBXTargetDependency */,
			);
			name = GoodAsOldPhonesUITests;
			productName = GoodAsOldPhonesUITests;
			productReference = E49BB598210F6DCE00EB23CD /* GoodAsOldPhonesUITests.xctest */;
			productType = "com.apple.product-type.bundle.ui-testing";
		};
/* End PBXNativeTarget section */

/* Begin PBXProject section */
		197C21021C6686EE00BCCAE8 /* Project object */ = {
			isa = PBXProject;
			attributes = {
				LastSwiftUpdateCheck = 0920;
				LastUpgradeCheck = 0900;
				ORGANIZATIONNAME = "Code School";
				TargetAttributes = {
					197C21091C6686EE00BCCAE8 = {
						CreatedOnToolsVersion = 7.2.1;
						LastSwiftMigration = 0900;
					};
					E49BB597210F6DCE00EB23CD = {
						CreatedOnToolsVersion = 9.2;
						DevelopmentTeam = C94WC52RNY;
						ProvisioningStyle = Automatic;
						TestTargetID = 197C21091C6686EE00BCCAE8;
					};
				};
			};
			buildConfigurationList = 197C21051C6686EE00BCCAE8 /* Build configuration list for PBXProject "GoodAsOldPhones" */;
			compatibilityVersion = "Xcode 3.2";
			developmentRegion = English;
			hasScannedForEncodings = 0;
			knownRegions = (
				en,
				Base,
			);
			mainGroup = 197C21011C6686EE00BCCAE8;
			productRefGroup = 197C210B1C6686EE00BCCAE8 /* Products */;
			projectDirPath = "";
			projectRoot = "";
			targets = (
				197C21091C6686EE00BCCAE8 /* GoodAsOldPhones */,
				E49BB597210F6DCE00EB23CD /* GoodAsOldPhonesUITests */,
			);
		};
/* End PBXProject section */

/* Begin PBXResourcesBuildPhase section */
		197C21081C6686EE00BCCAE8 /* Resources */ = {
			isa = PBXResourcesBuildPhase;
			buildActionMask = 2147483647;
			files = (
				197C21181C6686EF00BCCAE8 /* LaunchScreen.storyboard in Resources */,
				197C21151C6686EF00BCCAE8 /* Assets.xcassets in Resources */,
				197C21131C6686EF00BCCAE8 /* Main.storyboard in Resources */,
			);
			runOnlyForDeploymentPostprocessing = 0;
		};
		E49BB596210F6DCE00EB23CD /* Resources */ = {
			isa = PBXResourcesBuildPhase;
			buildActionMask = 2147483647;
			files = (
			);
			runOnlyForDeploymentPostprocessing = 0;
		};
/* End PBXResourcesBuildPhase section */

/* Begin PBXSourcesBuildPhase section */
		197C21061C6686EE00BCCAE8 /* Sources */ = {
			isa = PBXSourcesBuildPhase;
			buildActionMask = 2147483647;
			files = (
				197C21101C6686EE00BCCAE8 /* ProductViewController.swift in Sources */,
				19155F4B1C6C58FA00644FDF /* ProductsTableViewController.swift in Sources */,
				19155F4D1C6DA38100644FDF /* Product.swift in Sources */,
				197C210E1C6686EE00BCCAE8 /* AppDelegate.swift in Sources */,
				19155F491C6AB48B00644FDF /* ContactViewController.swift in Sources */,
			);
			runOnlyForDeploymentPostprocessing = 0;
		};
		E49BB594210F6DCE00EB23CD /* Sources */ = {
			isa = PBXSourcesBuildPhase;
			buildActionMask = 2147483647;
			files = (
				E442AD3B210FA46300D396D5 /* ProductView.swift in Sources */,
				E49BB5A3210F6EA200EB23CD /* GAOPUITestCases.swift in Sources */,
				E49BB5A5210F6ECB00EB23CD /* GAOPGlobal.swift in Sources */,
				E49BB59B210F6DCE00EB23CD /* GAOPUITestsBase.swift in Sources */,
				E442AD39210F87AB00D396D5 /* Product.swift in Sources */,
				E46CB2102110C8EF000AB5F0 /* Us.swift in Sources */,
			);
			runOnlyForDeploymentPostprocessing = 0;
		};
/* End PBXSourcesBuildPhase section */

/* Begin PBXTargetDependency section */
		E49BB59E210F6DCE00EB23CD /* PBXTargetDependency */ = {
			isa = PBXTargetDependency;
			target = 197C21091C6686EE00BCCAE8 /* GoodAsOldPhones */;
			targetProxy = E49BB59D210F6DCE00EB23CD /* PBXContainerItemProxy */;
		};
/* End PBXTargetDependency section */

/* Begin PBXVariantGroup section */
		197C21111C6686EF00BCCAE8 /* Main.storyboard */ = {
			isa = PBXVariantGroup;
			children = (
				197C21121C6686EF00BCCAE8 /* Base */,
			);
			name = Main.storyboard;
			sourceTree = "<group>";
		};
		197C21161C6686EF00BCCAE8 /* LaunchScreen.storyboard */ = {
			isa = PBXVariantGroup;
			children = (
				197C21171C6686EF00BCCAE8 /* Base */,
			);
			name = LaunchScreen.storyboard;
			sourceTree = "<group>";
		};
/* End PBXVariantGroup section */

/* Begin XCBuildConfiguration section */
		197C211A1C6686EF00BCCAE8 /* Debug */ = {
			isa = XCBuildConfiguration;
			buildSettings = {
				ALWAYS_SEARCH_USER_PATHS = NO;
				CLANG_CXX_LANGUAGE_STANDARD = "gnu++0x";
				CLANG_CXX_LIBRARY = "libc++";
				CLANG_ENABLE_MODULES = YES;
				CLANG_ENABLE_OBJC_ARC = YES;
				CLANG_WARN_BLOCK_CAPTURE_AUTORELEASING = YES;
				CLANG_WARN_BOOL_CONVERSION = YES;
				CLANG_WARN_COMMA = YES;
				CLANG_WARN_CONSTANT_CONVERSION = YES;
				CLANG_WARN_DIRECT_OBJC_ISA_USAGE = YES_ERROR;
				CLANG_WARN_EMPTY_BODY = YES;
				CLANG_WARN_ENUM_CONVERSION = YES;
				CLANG_WARN_INFINITE_RECURSION = YES;
				CLANG_WARN_INT_CONVERSION = YES;
				CLANG_WARN_NON_LITERAL_NULL_CONVERSION = YES;
				CLANG_WARN_OBJC_LITERAL_CONVERSION = YES;
				CLANG_WARN_OBJC_ROOT_CLASS = YES_ERROR;
				CLANG_WARN_RANGE_LOOP_ANALYSIS = YES;
				CLANG_WARN_STRICT_PROTOTYPES = YES;
				CLANG_WARN_SUSPICIOUS_MOVE = YES;
				CLANG_WARN_UNREACHABLE_CODE = YES;
				CLANG_WARN__DUPLICATE_METHOD_MATCH = YES;
				"CODE_SIGN_IDENTITY[sdk=iphoneos*]" = "iPhone Developer";
				COPY_PHASE_STRIP = NO;
				DEBUG_INFORMATION_FORMAT = dwarf;
				ENABLE_STRICT_OBJC_MSGSEND = YES;
				ENABLE_TESTABILITY = YES;
				GCC_C_LANGUAGE_STANDARD = gnu99;
				GCC_DYNAMIC_NO_PIC = NO;
				GCC_NO_COMMON_BLOCKS = YES;
				GCC_OPTIMIZATION_LEVEL = 0;
				GCC_PREPROCESSOR_DEFINITIONS = (
					"DEBUG=1",
					"$(inherited)",
				);
				GCC_WARN_64_TO_32_BIT_CONVERSION = YES;
				GCC_WARN_ABOUT_RETURN_TYPE = YES_ERROR;
				GCC_WARN_UNDECLARED_SELECTOR = YES;
				GCC_WARN_UNINITIALIZED_AUTOS = YES_AGGRESSIVE;
				GCC_WARN_UNUSED_FUNCTION = YES;
				GCC_WARN_UNUSED_VARIABLE = YES;
				IPHONEOS_DEPLOYMENT_TARGET = 9.2;
				MTL_ENABLE_DEBUG_INFO = YES;
				ONLY_ACTIVE_ARCH = YES;
				SDKROOT = iphoneos;
				SWIFT_OPTIMIZATION_LEVEL = "-Onone";
				TARGETED_DEVICE_FAMILY = "1,2";
			};
			name = Debug;
		};
		197C211B1C6686EF00BCCAE8 /* Release */ = {
			isa = XCBuildConfiguration;
			buildSettings = {
				ALWAYS_SEARCH_USER_PATHS = NO;
				CLANG_CXX_LANGUAGE_STANDARD = "gnu++0x";
				CLANG_CXX_LIBRARY = "libc++";
				CLANG_ENABLE_MODULES = YES;
				CLANG_ENABLE_OBJC_ARC = YES;
				CLANG_WARN_BLOCK_CAPTURE_AUTORELEASING = YES;
				CLANG_WARN_BOOL_CONVERSION = YES;
				CLANG_WARN_COMMA = YES;
				CLANG_WARN_CONSTANT_CONVERSION = YES;
				CLANG_WARN_DIRECT_OBJC_ISA_USAGE = YES_ERROR;
				CLANG_WARN_EMPTY_BODY = YES;
				CLANG_WARN_ENUM_CONVERSION = YES;
				CLANG_WARN_INFINITE_RECURSION = YES;
				CLANG_WARN_INT_CONVERSION = YES;
				CLANG_WARN_NON_LITERAL_NULL_CONVERSION = YES;
				CLANG_WARN_OBJC_LITERAL_CONVERSION = YES;
				CLANG_WARN_OBJC_ROOT_CLASS = YES_ERROR;
				CLANG_WARN_RANGE_LOOP_ANALYSIS = YES;
				CLANG_WARN_STRICT_PROTOTYPES = YES;
				CLANG_WARN_SUSPICIOUS_MOVE = YES;
				CLANG_WARN_UNREACHABLE_CODE = YES;
				CLANG_WARN__DUPLICATE_METHOD_MATCH = YES;
				"CODE_SIGN_IDENTITY[sdk=iphoneos*]" = "iPhone Developer";
				COPY_PHASE_STRIP = NO;
				DEBUG_INFORMATION_FORMAT = "dwarf-with-dsym";
				ENABLE_NS_ASSERTIONS = NO;
				ENABLE_STRICT_OBJC_MSGSEND = YES;
				GCC_C_LANGUAGE_STANDARD = gnu99;
				GCC_NO_COMMON_BLOCKS = YES;
				GCC_WARN_64_TO_32_BIT_CONVERSION = YES;
				GCC_WARN_ABOUT_RETURN_TYPE = YES_ERROR;
				GCC_WARN_UNDECLARED_SELECTOR = YES;
				GCC_WARN_UNINITIALIZED_AUTOS = YES_AGGRESSIVE;
				GCC_WARN_UNUSED_FUNCTION = YES;
				GCC_WARN_UNUSED_VARIABLE = YES;
				IPHONEOS_DEPLOYMENT_TARGET = 9.2;
				MTL_ENABLE_DEBUG_INFO = NO;
				SDKROOT = iphoneos;
				SWIFT_OPTIMIZATION_LEVEL = "-Owholemodule";
				TARGETED_DEVICE_FAMILY = "1,2";
				VALIDATE_PRODUCT = YES;
			};
			name = Release;
		};
		197C211D1C6686EF00BCCAE8 /* Debug */ = {
			isa = XCBuildConfiguration;
			buildSettings = {
				ASSETCATALOG_COMPILER_APPICON_NAME = AppIcon;
				INFOPLIST_FILE = GoodAsOldPhones/Info.plist;
				LD_RUNPATH_SEARCH_PATHS = "$(inherited) @executable_path/Frameworks";
				PRODUCT_BUNDLE_IDENTIFIER = com.codeschool.GoodAsOldPhones;
				PRODUCT_NAME = "$(TARGET_NAME)";
				SWIFT_SWIFT3_OBJC_INFERENCE = Default;
				SWIFT_VERSION = 4.0;
			};
			name = Debug;
		};
		197C211E1C6686EF00BCCAE8 /* Release */ = {
			isa = XCBuildConfiguration;
			buildSettings = {
				ASSETCATALOG_COMPILER_APPICON_NAME = AppIcon;
				INFOPLIST_FILE = GoodAsOldPhones/Info.plist;
				LD_RUNPATH_SEARCH_PATHS = "$(inherited) @executable_path/Frameworks";
				PRODUCT_BUNDLE_IDENTIFIER = com.codeschool.GoodAsOldPhones;
				PRODUCT_NAME = "$(TARGET_NAME)";
				SWIFT_SWIFT3_OBJC_INFERENCE = Default;
				SWIFT_VERSION = 4.0;
			};
			name = Release;
		};
		E49BB59F210F6DCE00EB23CD /* Debug */ = {
			isa = XCBuildConfiguration;
			buildSettings = {
				CLANG_ANALYZER_NONNULL = YES;
				CLANG_ANALYZER_NUMBER_OBJECT_CONVERSION = YES_AGGRESSIVE;
				CLANG_CXX_LANGUAGE_STANDARD = "gnu++14";
				CLANG_WARN_DOCUMENTATION_COMMENTS = YES;
				CLANG_WARN_UNGUARDED_AVAILABILITY = YES_AGGRESSIVE;
				CODE_SIGN_IDENTITY = "iPhone Developer";
				CODE_SIGN_STYLE = Automatic;
				DEVELOPMENT_TEAM = C94WC52RNY;
				GCC_C_LANGUAGE_STANDARD = gnu11;
				INFOPLIST_FILE = GoodAsOldPhonesUITests/Info.plist;
				IPHONEOS_DEPLOYMENT_TARGET = 11.2;
				LD_RUNPATH_SEARCH_PATHS = "$(inherited) @executable_path/Frameworks @loader_path/Frameworks";
				PRODUCT_BUNDLE_IDENTIFIER = "Farjana-Nipa.GoodAsOldPhonesUITests";
				PRODUCT_NAME = "$(TARGET_NAME)";
				SWIFT_ACTIVE_COMPILATION_CONDITIONS = DEBUG;
				SWIFT_VERSION = 4.0;
				TARGETED_DEVICE_FAMILY = "1,2";
				TEST_TARGET_NAME = GoodAsOldPhones;
			};
			name = Debug;
		};
		E49BB5A0210F6DCE00EB23CD /* Release */ = {
			isa = XCBuildConfiguration;
			buildSettings = {
				CLANG_ANALYZER_NONNULL = YES;
				CLANG_ANALYZER_NUMBER_OBJECT_CONVERSION = YES_AGGRESSIVE;
				CLANG_CXX_LANGUAGE_STANDARD = "gnu++14";
				CLANG_WARN_DOCUMENTATION_COMMENTS = YES;
				CLANG_WARN_UNGUARDED_AVAILABILITY = YES_AGGRESSIVE;
				CODE_SIGN_IDENTITY = "iPhone Developer";
				CODE_SIGN_STYLE = Automatic;
				DEVELOPMENT_TEAM = C94WC52RNY;
				GCC_C_LANGUAGE_STANDARD = gnu11;
				INFOPLIST_FILE = GoodAsOldPhonesUITests/Info.plist;
				IPHONEOS_DEPLOYMENT_TARGET = 11.2;
				LD_RUNPATH_SEARCH_PATHS = "$(inherited) @executable_path/Frameworks @loader_path/Frameworks";
				PRODUCT_BUNDLE_IDENTIFIER = "Farjana-Nipa.GoodAsOldPhonesUITests";
				PRODUCT_NAME = "$(TARGET_NAME)";
				SWIFT_VERSION = 4.0;
				TARGETED_DEVICE_FAMILY = "1,2";
				TEST_TARGET_NAME = GoodAsOldPhones;
			};
			name = Release;
		};
/* End XCBuildConfiguration section */

/* Begin XCConfigurationList section */
		197C21051C6686EE00BCCAE8 /* Build configuration list for PBXProject "GoodAsOldPhones" */ = {
			isa = XCConfigurationList;
			buildConfigurations = (
				197C211A1C6686EF00BCCAE8 /* Debug */,
				197C211B1C6686EF00BCCAE8 /* Release */,
			);
			defaultConfigurationIsVisible = 0;
			defaultConfigurationName = Release;
		};
		197C211C1C6686EF00BCCAE8 /* Build configuration list for PBXNativeTarget "GoodAsOldPhones" */ = {
			isa = XCConfigurationList;
			buildConfigurations = (
				197C211D1C6686EF00BCCAE8 /* Debug */,
				197C211E1C6686EF00BCCAE8 /* Release */,
			);
			defaultConfigurationIsVisible = 0;
			defaultConfigurationName = Release;
		};
		E49BB5A1210F6DCE00EB23CD /* Build configuration list for PBXNativeTarget "GoodAsOldPhonesUITests" */ = {
			isa = XCConfigurationList;
			buildConfigurations = (
				E49BB59F210F6DCE00EB23CD /* Debug */,
				E49BB5A0210F6DCE00EB23CD /* Release */,
			);
			defaultConfigurationIsVisible = 0;
			defaultConfigurationName = Release;
		};
/* End XCConfigurationList section */
	};
	rootObject = 197C21021C6686EE00BCCAE8 /* Project object */;
}
